
Microsoft Visual Studio Solution File, Format Version 12.00
# Visual Studio Version 16
VisualStudioVersion = 16.0.31005.135
MinimumVisualStudioVersion = 10.0.40219.1
Project("{FAE04EC0-301F-11D3-BF4B-00C04F79EFBC}") = "identity-connect", "identity-connect\identity-connect.csproj", "{1DE171E7-83F9-455C-8522-1E81BD8E9032}"
EndProject
Global
	GlobalSection(SolutionConfigurationPlatforms) = preSolution
		Debug|Any CPU = Debug|Any CPU
		Release|Any CPU = Release|Any CPU
	EndGlobalSection
	GlobalSection(ProjectConfigurationPlatforms) = postSolution
		{1DE171E7-83F9-455C-8522-1E81BD8E9032}.Debug|Any CPU.ActiveCfg = Debug|Any CPU
		{1DE171E7-83F9-455C-8522-1E81BD8E9032}.Debug|Any CPU.Build.0 = Debug|Any CPU
		{1DE171E7-83F9-455C-8522-1E81BD8E9032}.Release|Any CPU.ActiveCfg = Release|Any CPU
		{1DE171E7-83F9-455C-8522-1E81BD8E9032}.Release|Any CPU.Build.0 = Release|Any CPU
	EndGlobalSection
	GlobalSection(SolutionProperties) = preSolution
		HideSolutionNode = FALSE
	EndGlobalSection
	GlobalSection(ExtensibilityGlobals) = postSolution
		SolutionGuid = {53A52CFE-F31D-4E33-A5EB-9554BFC70250}
	EndGlobalSection
EndGlobal
